
Microsoft Visual Studio Solution File, Format Version 12.00
# Visual Studio Version 16
VisualStudioVersion = 16.0.31911.196
MinimumVisualStudioVersion = 10.0.40219.1
Project("{9A19103F-16F7-4668-BE54-9A1E7A4F7556}") = "UIflashcards", "UIflashcards\UIflashcards.csproj", "{72E6C903-128C-410D-9E85-5656DFD2B1FF}"
EndProject
Project("{9A19103F-16F7-4668-BE54-9A1E7A4F7556}") = "Falsh cards", "..\Falsh cards\Falsh cards\Falsh cards.csproj", "{CC7701A2-4691-4278-B2AF-449FC27CA113}"
EndProject
Global
	GlobalSection(SolutionConfigurationPlatforms) = preSolution
		Debug|Any CPU = Debug|Any CPU
		Release|Any CPU = Release|Any CPU
	EndGlobalSection
	GlobalSection(ProjectConfigurationPlatforms) = postSolution
		{72E6C903-128C-410D-9E85-5656DFD2B1FF}.Debug|Any CPU.ActiveCfg = Debug|Any CPU
		{72E6C903-128C-410D-9E85-5656DFD2B1FF}.Debug|Any CPU.Build.0 = Debug|Any CPU
		{72E6C903-128C-410D-9E85-5656DFD2B1FF}.Release|Any CPU.ActiveCfg = Release|Any CPU
		{72E6C903-128C-410D-9E85-5656DFD2B1FF}.Release|Any CPU.Build.0 = Release|Any CPU
		{CC7701A2-4691-4278-B2AF-449FC27CA113}.Debug|Any CPU.ActiveCfg = Debug|Any CPU
		{CC7701A2-4691-4278-B2AF-449FC27CA113}.Debug|Any CPU.Build.0 = Debug|Any CPU
		{CC7701A2-4691-4278-B2AF-449FC27CA113}.Release|Any CPU.ActiveCfg = Release|Any CPU
		{CC7701A2-4691-4278-B2AF-449FC27CA113}.Release|Any CPU.Build.0 = Release|Any CPU
	EndGlobalSection
	GlobalSection(SolutionProperties) = preSolution
		HideSolutionNode = FALSE
	EndGlobalSection
	GlobalSection(ExtensibilityGlobals) = postSolution
		SolutionGuid = {410A35E8-6DDF-40EA-853E-5E13B12ABA17}
	EndGlobalSection
EndGlobal
